
Microsoft Visual Studio Solution File, Format Version 12.00
# Visual Studio Version 17
VisualStudioVersion = 17.11.35222.181
MinimumVisualStudioVersion = 10.0.40219.1
Project("{FAE04EC0-301F-11D3-BF4B-00C04F79EFBC}") = "inlämnings uppgift nivå 1 3", "inlämnings uppgift nivå 1 3\inlämnings uppgift nivå 1 3.csproj", "{86D5F15F-6A59-406B-B1FC-72AAEA4587C8}"
EndProject
Global
	GlobalSection(SolutionConfigurationPlatforms) = preSolution
		Debug|Any CPU = Debug|Any CPU
		Release|Any CPU = Release|Any CPU
	EndGlobalSection
	GlobalSection(ProjectConfigurationPlatforms) = postSolution
		{86D5F15F-6A59-406B-B1FC-72AAEA4587C8}.Debug|Any CPU.ActiveCfg = Debug|Any CPU
		{86D5F15F-6A59-406B-B1FC-72AAEA4587C8}.Debug|Any CPU.Build.0 = Debug|Any CPU
		{86D5F15F-6A59-406B-B1FC-72AAEA4587C8}.Release|Any CPU.ActiveCfg = Release|Any CPU
		{86D5F15F-6A59-406B-B1FC-72AAEA4587C8}.Release|Any CPU.Build.0 = Release|Any CPU
	EndGlobalSection
	GlobalSection(SolutionProperties) = preSolution
		HideSolutionNode = FALSE
	EndGlobalSection
	GlobalSection(ExtensibilityGlobals) = postSolution
		SolutionGuid = {731E08C3-DF30-4926-A342-4B17B2A9A517}
	EndGlobalSection
EndGlobal
